
Microsoft Visual Studio Solution File, Format Version 12.00
# Visual Studio Version 17
VisualStudioVersion = 17.14.37111.16 d17.14
MinimumVisualStudioVersion = 10.0.40219.1
Project("{FAE04EC0-301F-11D3-BF4B-00C04F79EFBC}") = "SimpleATMSystemSectionAQ1", "SimpleATMSystemSectionAQ1\SimpleATMSystemSectionAQ1.csproj", "{E8D1A7EF-0863-4A2C-AF60-3B27C615C015}"
EndProject
Global
	GlobalSection(SolutionConfigurationPlatforms) = preSolution
		Debug|Any CPU = Debug|Any CPU
		Release|Any CPU = Release|Any CPU
	EndGlobalSection
	GlobalSection(ProjectConfigurationPlatforms) = postSolution
		{E8D1A7EF-0863-4A2C-AF60-3B27C615C015}.Debug|Any CPU.ActiveCfg = Debug|Any CPU
		{E8D1A7EF-0863-4A2C-AF60-3B27C615C015}.Debug|Any CPU.Build.0 = Debug|Any CPU
		{E8D1A7EF-0863-4A2C-AF60-3B27C615C015}.Release|Any CPU.ActiveCfg = Release|Any CPU
		{E8D1A7EF-0863-4A2C-AF60-3B27C615C015}.Release|Any CPU.Build.0 = Release|Any CPU
	EndGlobalSection
	GlobalSection(SolutionProperties) = preSolution
		HideSolutionNode = FALSE
	EndGlobalSection
	GlobalSection(ExtensibilityGlobals) = postSolution
		SolutionGuid = {038C0D54-FA34-4D78-BA52-8206B61F3449}
	EndGlobalSection
EndGlobal
